
Microsoft Visual Studio Solution File, Format Version 12.00
# Visual Studio 16
Project("{FAE04EC0-301F-11D3-BF4B-00C04F79EFBC}") = "SteamVR", "SteamVR.csproj", "{ED15F678-DD6B-F30E-DA1C-ACAC5A9B4E8F}"
EndProject
Project("{FAE04EC0-301F-11D3-BF4B-00C04F79EFBC}") = "Assembly-CSharp", "Assembly-CSharp.csproj", "{DC7D9F06-F681-ED4C-34F4-C4B3F606D053}"
EndProject
Project("{FAE04EC0-301F-11D3-BF4B-00C04F79EFBC}") = "SteamVR_Actions", "SteamVR_Actions.csproj", "{7149BF35-D51B-ADC2-7DE1-17E7F8390A76}"
EndProject
Project("{FAE04EC0-301F-11D3-BF4B-00C04F79EFBC}") = "SteamVR_Editor", "SteamVR_Editor.csproj", "{857EDA44-5ADA-F407-B503-8F7425E4207F}"
EndProject
Project("{FAE04EC0-301F-11D3-BF4B-00C04F79EFBC}") = "SteamVR_Input_Editor", "SteamVR_Input_Editor.csproj", "{470AB757-DEEB-0055-9890-72810FDC9E74}"
EndProject
Project("{FAE04EC0-301F-11D3-BF4B-00C04F79EFBC}") = "SteamVR_Windows_EditorHelper", "SteamVR_Windows_EditorHelper.csproj", "{976A6F8E-FB64-1278-077A-D113FC75DF2E}"
EndProject
Global
	GlobalSection(SolutionConfigurationPlatforms) = preSolution
		Debug|Any CPU = Debug|Any CPU
		Release|Any CPU = Release|Any CPU
	EndGlobalSection
	GlobalSection(ProjectConfigurationPlatforms) = postSolution
		{ED15F678-DD6B-F30E-DA1C-ACAC5A9B4E8F}.Debug|Any CPU.ActiveCfg = Debug|Any CPU
		{ED15F678-DD6B-F30E-DA1C-ACAC5A9B4E8F}.Debug|Any CPU.Build.0 = Debug|Any CPU
		{ED15F678-DD6B-F30E-DA1C-ACAC5A9B4E8F}.Release|Any CPU.ActiveCfg = Release|Any CPU
		{ED15F678-DD6B-F30E-DA1C-ACAC5A9B4E8F}.Release|Any CPU.Build.0 = Release|Any CPU
		{DC7D9F06-F681-ED4C-34F4-C4B3F606D053}.Debug|Any CPU.ActiveCfg = Debug|Any CPU
		{DC7D9F06-F681-ED4C-34F4-C4B3F606D053}.Debug|Any CPU.Build.0 = Debug|Any CPU
		{DC7D9F06-F681-ED4C-34F4-C4B3F606D053}.Release|Any CPU.ActiveCfg = Release|Any CPU
		{DC7D9F06-F681-ED4C-34F4-C4B3F606D053}.Release|Any CPU.Build.0 = Release|Any CPU
		{7149BF35-D51B-ADC2-7DE1-17E7F8390A76}.Debug|Any CPU.ActiveCfg = Debug|Any CPU
		{7149BF35-D51B-ADC2-7DE1-17E7F8390A76}.Debug|Any CPU.Build.0 = Debug|Any CPU
		{7149BF35-D51B-ADC2-7DE1-17E7F8390A76}.Release|Any CPU.ActiveCfg = Release|Any CPU
		{7149BF35-D51B-ADC2-7DE1-17E7F8390A76}.Release|Any CPU.Build.0 = Release|Any CPU
		{857EDA44-5ADA-F407-B503-8F7425E4207F}.Debug|Any CPU.ActiveCfg = Debug|Any CPU
		{857EDA44-5ADA-F407-B503-8F7425E4207F}.Debug|Any CPU.Build.0 = Debug|Any CPU
		{857EDA44-5ADA-F407-B503-8F7425E4207F}.Release|Any CPU.ActiveCfg = Release|Any CPU
		{857EDA44-5ADA-F407-B503-8F7425E4207F}.Release|Any CPU.Build.0 = Release|Any CPU
		{470AB757-DEEB-0055-9890-72810FDC9E74}.Debug|Any CPU.ActiveCfg = Debug|Any CPU
		{470AB757-DEEB-0055-9890-72810FDC9E74}.Debug|Any CPU.Build.0 = Debug|Any CPU
		{470AB757-DEEB-0055-9890-72810FDC9E74}.Release|Any CPU.ActiveCfg = Release|Any CPU
		{470AB757-DEEB-0055-9890-72810FDC9E74}.Release|Any CPU.Build.0 = Release|Any CPU
		{976A6F8E-FB64-1278-077A-D113FC75DF2E}.Debug|Any CPU.ActiveCfg = Debug|Any CPU
		{976A6F8E-FB64-1278-077A-D113FC75DF2E}.Debug|Any CPU.Build.0 = Debug|Any CPU
		{976A6F8E-FB64-1278-077A-D113FC75DF2E}.Release|Any CPU.ActiveCfg = Release|Any CPU
		{976A6F8E-FB64-1278-077A-D113FC75DF2E}.Release|Any CPU.Build.0 = Release|Any CPU
	EndGlobalSection
	GlobalSection(SolutionProperties) = preSolution
		HideSolutionNode = FALSE
	EndGlobalSection
EndGlobal
